
Microsoft Visual Studio Solution File, Format Version 12.00
# Visual Studio Version 17
VisualStudioVersion = 17.3.32929.385
MinimumVisualStudioVersion = 10.0.40219.1
Project("{9A19103F-16F7-4668-BE54-9A1E7A4F7556}") = "AlgLab5", "Graph\AlgLab5.csproj", "{07C0B42D-BEA9-4365-BC3C-778C80B67353}"
EndProject
Global
	GlobalSection(SolutionConfigurationPlatforms) = preSolution
		Debug|Any CPU = Debug|Any CPU
		Release|Any CPU = Release|Any CPU
	EndGlobalSection
	GlobalSection(ProjectConfigurationPlatforms) = postSolution
		{07C0B42D-BEA9-4365-BC3C-778C80B67353}.Debug|Any CPU.ActiveCfg = Debug|Any CPU
		{07C0B42D-BEA9-4365-BC3C-778C80B67353}.Debug|Any CPU.Build.0 = Debug|Any CPU
		{07C0B42D-BEA9-4365-BC3C-778C80B67353}.Release|Any CPU.ActiveCfg = Release|Any CPU
		{07C0B42D-BEA9-4365-BC3C-778C80B67353}.Release|Any CPU.Build.0 = Release|Any CPU
	EndGlobalSection
	GlobalSection(SolutionProperties) = preSolution
		HideSolutionNode = FALSE
	EndGlobalSection
	GlobalSection(ExtensibilityGlobals) = postSolution
		SolutionGuid = {55E325A2-6C9D-49D0-996F-3E9809FFFF33}
	EndGlobalSection
EndGlobal
